
Microsoft Visual Studio Solution File, Format Version 12.00
# Visual Studio Version 17
VisualStudioVersion = 17.4.33213.308
MinimumVisualStudioVersion = 10.0.40219.1
Project("{FAE04EC0-301F-11D3-BF4B-00C04F79EFBC}") = "Terragate.Api", "Terragate.Api\Terragate.Api.csproj", "{B1DF3A31-C0F4-4198-AC1F-DCA4619A3426}"
EndProject
Global
	GlobalSection(SolutionConfigurationPlatforms) = preSolution
		Debug|Any CPU = Debug|Any CPU
		Release|Any CPU = Release|Any CPU
	EndGlobalSection
	GlobalSection(ProjectConfigurationPlatforms) = postSolution
		{B1DF3A31-C0F4-4198-AC1F-DCA4619A3426}.Debug|Any CPU.ActiveCfg = Debug|Any CPU
		{B1DF3A31-C0F4-4198-AC1F-DCA4619A3426}.Debug|Any CPU.Build.0 = Debug|Any CPU
		{B1DF3A31-C0F4-4198-AC1F-DCA4619A3426}.Release|Any CPU.ActiveCfg = Release|Any CPU
		{B1DF3A31-C0F4-4198-AC1F-DCA4619A3426}.Release|Any CPU.Build.0 = Release|Any CPU
	EndGlobalSection
	GlobalSection(SolutionProperties) = preSolution
		HideSolutionNode = FALSE
	EndGlobalSection
	GlobalSection(ExtensibilityGlobals) = postSolution
		SolutionGuid = {81D34795-154A-477C-9D01-D7CF1C297F0F}
	EndGlobalSection
EndGlobal
